
Microsoft Visual Studio Solution File, Format Version 12.00
# Visual Studio Version 17
VisualStudioVersion = 17.2.32519.379
MinimumVisualStudioVersion = 10.0.40219.1
Project("{FAE04EC0-301F-11D3-BF4B-00C04F79EFBC}") = "API Fun", "API Fun\API Fun.csproj", "{A0F16B64-FF18-40C9-BF45-0EF98553BBB3}"
EndProject
Global
	GlobalSection(SolutionConfigurationPlatforms) = preSolution
		Debug|Any CPU = Debug|Any CPU
		Release|Any CPU = Release|Any CPU
	EndGlobalSection
	GlobalSection(ProjectConfigurationPlatforms) = postSolution
		{A0F16B64-FF18-40C9-BF45-0EF98553BBB3}.Debug|Any CPU.ActiveCfg = Debug|Any CPU
		{A0F16B64-FF18-40C9-BF45-0EF98553BBB3}.Debug|Any CPU.Build.0 = Debug|Any CPU
		{A0F16B64-FF18-40C9-BF45-0EF98553BBB3}.Release|Any CPU.ActiveCfg = Release|Any CPU
		{A0F16B64-FF18-40C9-BF45-0EF98553BBB3}.Release|Any CPU.Build.0 = Release|Any CPU
	EndGlobalSection
	GlobalSection(SolutionProperties) = preSolution
		HideSolutionNode = FALSE
	EndGlobalSection
	GlobalSection(ExtensibilityGlobals) = postSolution
		SolutionGuid = {EAE7ABAB-A4E0-4F32-A5E0-75E83072E1FC}
	EndGlobalSection
EndGlobal
